
Microsoft Visual Studio Solution File, Format Version 12.00
# Visual Studio Version 17
VisualStudioVersion = 17.13.0.0
MinimumVisualStudioVersion = 10.0.40219.1
Project("{2150E333-8FDC-42A3-9474-1A3956D46DE8}") = "src", "src", "{7DA4AAF6-086B-4E45-96F9-C2F25CA34D9F}"
EndProject
Project("{2150E333-8FDC-42A3-9474-1A3956D46DE8}") = "BuildingBlocks", "BuildingBlocks", "{DFF587EE-E4E5-4884-9093-363B9514298E}"
EndProject
Project("{2150E333-8FDC-42A3-9474-1A3956D46DE8}") = "Modules", "Modules", "{6424DF5E-5718-4B2A-815C-36707E097681}"
EndProject
Project("{2150E333-8FDC-42A3-9474-1A3956D46DE8}") = "Api", "Api", "{ACE0B788-FD90-4230-83F8-827FA061FAD2}"
EndProject
Project("{2150E333-8FDC-42A3-9474-1A3956D46DE8}") = "tests", "tests", "{0F6D98A7-EA21-438F-A0A4-25C381B4131F}"
EndProject
Project("{2150E333-8FDC-42A3-9474-1A3956D46DE8}") = "Catalog", "Catalog", "{76530231-B6F8-4122-AACD-CDB8684C2629}"
EndProject
Project("{2150E333-8FDC-42A3-9474-1A3956D46DE8}") = "Identity", "Identity", "{CD309B1F-B177-4AEE-866D-866E09ED6F90}"
EndProject
Project("{2150E333-8FDC-42A3-9474-1A3956D46DE8}") = "Inventory", "Inventory", "{E56D7883-F61C-4843-9DB6-2C05D6E45E25}"
EndProject
Project("{2150E333-8FDC-42A3-9474-1A3956D46DE8}") = "Sales", "Sales", "{A32C7C6C-DB22-4D7E-8EF6-EA365401870B}"
EndProject
Project("{9A19103F-16F7-4668-BE54-9A1E7A4F7556}") = "ConfiOS.Api", "src\Api\ConfiOS.Api\ConfiOS.Api.csproj", "{C86B88D5-9EA1-42B0-AC71-4F94E6E1F3C3}"
EndProject
Project("{9A19103F-16F7-4668-BE54-9A1E7A4F7556}") = "ConfiOS.BuildingBlocks.Api", "src\BuildingBlocks\ConfiOS.BuildingBlocks.Api\ConfiOS.BuildingBlocks.Api.csproj", "{EA1A3F21-643C-4B26-9C36-7EFB3F5276BE}"
EndProject
Project("{9A19103F-16F7-4668-BE54-9A1E7A4F7556}") = "ConfiOS.BuildingBlocks.Application", "src\BuildingBlocks\ConfiOS.BuildingBlocks.Application\ConfiOS.BuildingBlocks.Application.csproj", "{7A63A8E3-93B3-4DBE-9EE0-589E2A5F5665}"
EndProject
Project("{9A19103F-16F7-4668-BE54-9A1E7A4F7556}") = "ConfiOS.BuildingBlocks.Domain", "src\BuildingBlocks\ConfiOS.BuildingBlocks.Domain\ConfiOS.BuildingBlocks.Domain.csproj", "{D3B95E37-B818-47DF-826A-92F0D389B25A}"
EndProject
Project("{9A19103F-16F7-4668-BE54-9A1E7A4F7556}") = "ConfiOS.BuildingBlocks.Infrastructure", "src\BuildingBlocks\ConfiOS.BuildingBlocks.Infrastructure\ConfiOS.BuildingBlocks.Infrastructure.csproj", "{A2FECA33-5C3F-4B7E-8F53-9185E677DCB5}"
EndProject
Project("{9A19103F-16F7-4668-BE54-9A1E7A4F7556}") = "ConfiOS.Modules.Catalog.Api", "src\Modules\Catalog\ConfiOS.Modules.Catalog.Api\ConfiOS.Modules.Catalog.Api.csproj", "{D03728FC-F531-4BF2-8F88-14475CA4AE15}"
EndProject
Project("{9A19103F-16F7-4668-BE54-9A1E7A4F7556}") = "ConfiOS.Modules.Catalog.Application", "src\Modules\Catalog\ConfiOS.Modules.Catalog.Application\ConfiOS.Modules.Catalog.Application.csproj", "{EDEB0850-803C-4437-A4F7-77F324F46EAB}"
EndProject
Project("{9A19103F-16F7-4668-BE54-9A1E7A4F7556}") = "ConfiOS.Modules.Catalog.Domain", "src\Modules\Catalog\ConfiOS.Modules.Catalog.Domain\ConfiOS.Modules.Catalog.Domain.csproj", "{ED3E9A9C-DE18-475F-BE7F-28DF9A8FAFED}"
EndProject
Project("{9A19103F-16F7-4668-BE54-9A1E7A4F7556}") = "ConfiOS.Modules.Catalog.Infrastructure", "src\Modules\Catalog\ConfiOS.Modules.Catalog.Infrastructure\ConfiOS.Modules.Catalog.Infrastructure.csproj", "{6F9A7314-AAB1-4D05-89A3-B32F8C6BB43A}"
EndProject
Project("{9A19103F-16F7-4668-BE54-9A1E7A4F7556}") = "ConfiOS.Modules.Identity.Api", "src\Modules\Identity\ConfiOS.Modules.Identity.Api\ConfiOS.Modules.Identity.Api.csproj", "{EA993E6E-5F62-40D7-B3B0-884E22891B1B}"
EndProject
Project("{9A19103F-16F7-4668-BE54-9A1E7A4F7556}") = "ConfiOS.Modules.Identity.Application", "src\Modules\Identity\ConfiOS.Modules.Identity.Application\ConfiOS.Modules.Identity.Application.csproj", "{F694FE41-ED0A-432B-B7EE-2A1230880CF8}"
EndProject
Project("{9A19103F-16F7-4668-BE54-9A1E7A4F7556}") = "ConfiOS.Modules.Identity.Domain", "src\Modules\Identity\ConfiOS.Modules.Identity.Domain\ConfiOS.Modules.Identity.Domain.csproj", "{5A3B4D89-CF37-4597-9717-E8BB106AC8FB}"
EndProject
Project("{9A19103F-16F7-4668-BE54-9A1E7A4F7556}") = "ConfiOS.Modules.Identity.Infrastructure", "src\Modules\Identity\ConfiOS.Modules.Identity.Infrastructure\ConfiOS.Modules.Identity.Infrastructure.csproj", "{A54522C0-E62A-48F2-AC16-7747597A2342}"
EndProject
Project("{9A19103F-16F7-4668-BE54-9A1E7A4F7556}") = "ConfiOS.Modules.Inventory.Api", "src\Modules\Inventory\ConfiOS.Modules.Inventory.Api\ConfiOS.Modules.Inventory.Api.csproj", "{8D6F652A-9EA6-47AE-9E8F-DFAC25DA8450}"
EndProject
Project("{9A19103F-16F7-4668-BE54-9A1E7A4F7556}") = "ConfiOS.Modules.Inventory.Application", "src\Modules\Inventory\ConfiOS.Modules.Inventory.Application\ConfiOS.Modules.Inventory.Application.csproj", "{49846182-A8AC-42F2-886C-F64CF087C373}"
EndProject
Project("{9A19103F-16F7-4668-BE54-9A1E7A4F7556}") = "ConfiOS.Modules.Inventory.Domain", "src\Modules\Inventory\ConfiOS.Modules.Inventory.Domain\ConfiOS.Modules.Inventory.Domain.csproj", "{68E859B9-2E42-41E2-85FE-4083B6D779BF}"
EndProject
Project("{9A19103F-16F7-4668-BE54-9A1E7A4F7556}") = "ConfiOS.Modules.Inventory.Infrastructure", "src\Modules\Inventory\ConfiOS.Modules.Inventory.Infrastructure\ConfiOS.Modules.Inventory.Infrastructure.csproj", "{3CE6E44D-A6EB-41C5-A1F6-8B6816783F51}"
EndProject
Project("{9A19103F-16F7-4668-BE54-9A1E7A4F7556}") = "ConfiOS.Modules.Sales.Api", "src\Modules\Sales\ConfiOS.Modules.Sales.Api\ConfiOS.Modules.Sales.Api.csproj", "{30EFE913-C0DC-4A0F-B30C-99B8C7CDAA0C}"
EndProject
Project("{9A19103F-16F7-4668-BE54-9A1E7A4F7556}") = "ConfiOS.Modules.Sales.Application", "src\Modules\Sales\ConfiOS.Modules.Sales.Application\ConfiOS.Modules.Sales.Application.csproj", "{F7A226DE-59F9-444B-BDB5-EA07B34F6C9B}"
EndProject
Project("{9A19103F-16F7-4668-BE54-9A1E7A4F7556}") = "ConfiOS.Modules.Sales.Domain", "src\Modules\Sales\ConfiOS.Modules.Sales.Domain\ConfiOS.Modules.Sales.Domain.csproj", "{C4EA4E3B-BAAE-4988-BB96-95178D8C4522}"
EndProject
Project("{9A19103F-16F7-4668-BE54-9A1E7A4F7556}") = "ConfiOS.Modules.Sales.Infrastructure", "src\Modules\Sales\ConfiOS.Modules.Sales.Infrastructure\ConfiOS.Modules.Sales.Infrastructure.csproj", "{BBB94DF7-FE9E-43F2-8177-B1DC6707B3D2}"
EndProject
Project("{9A19103F-16F7-4668-BE54-9A1E7A4F7556}") = "ConfiOS.ArchitectureTests", "tests\ConfiOS.ArchitectureTests\ConfiOS.ArchitectureTests.csproj", "{27CC7774-4A13-4E7C-A3D5-8B673ECB6999}"
EndProject
Project("{9A19103F-16F7-4668-BE54-9A1E7A4F7556}") = "ConfiOS.BuildingBlocks.Tests", "tests\ConfiOS.BuildingBlocks.Tests\ConfiOS.BuildingBlocks.Tests.csproj", "{5EDD3278-D7E8-4664-B7C2-2A2857701FA1}"
EndProject
Project("{9A19103F-16F7-4668-BE54-9A1E7A4F7556}") = "ConfiOS.Modules.Identity.Tests", "tests\ConfiOS.Modules.Identity.Tests\ConfiOS.Modules.Identity.Tests.csproj", "{C80B656D-B708-4824-AEC8-92A64FE5E9C1}"
EndProject
Project("{FAE04EC0-301F-11D3-BF4B-00C04F79EFBC}") = "ConfiOS.Modules.Catalog.Tests", "tests\ConfiOS.Modules.Catalog.Tests\ConfiOS.Modules.Catalog.Tests.csproj", "{1CB9A235-2F7F-4438-B819-862BF838A562}"
EndProject
Global
	GlobalSection(SolutionConfigurationPlatforms) = preSolution
		Debug|Any CPU = Debug|Any CPU
		Debug|x64 = Debug|x64
		Debug|x86 = Debug|x86
		Release|Any CPU = Release|Any CPU
		Release|x64 = Release|x64
		Release|x86 = Release|x86
	EndGlobalSection
	GlobalSection(ProjectConfigurationPlatforms) = postSolution
		{C86B88D5-9EA1-42B0-AC71-4F94E6E1F3C3}.Debug|Any CPU.ActiveCfg = Debug|Any CPU
		{C86B88D5-9EA1-42B0-AC71-4F94E6E1F3C3}.Debug|Any CPU.Build.0 = Debug|Any CPU
		{C86B88D5-9EA1-42B0-AC71-4F94E6E1F3C3}.Debug|x64.ActiveCfg = Debug|Any CPU
		{C86B88D5-9EA1-42B0-AC71-4F94E6E1F3C3}.Debug|x64.Build.0 = Debug|Any CPU
		{C86B88D5-9EA1-42B0-AC71-4F94E6E1F3C3}.Debug|x86.ActiveCfg = Debug|Any CPU
		{C86B88D5-9EA1-42B0-AC71-4F94E6E1F3C3}.Debug|x86.Build.0 = Debug|Any CPU
		{C86B88D5-9EA1-42B0-AC71-4F94E6E1F3C3}.Release|Any CPU.ActiveCfg = Release|Any CPU
		{C86B88D5-9EA1-42B0-AC71-4F94E6E1F3C3}.Release|Any CPU.Build.0 = Release|Any CPU
		{C86B88D5-9EA1-42B0-AC71-4F94E6E1F3C3}.Release|x64.ActiveCfg = Release|Any CPU
		{C86B88D5-9EA1-42B0-AC71-4F94E6E1F3C3}.Release|x64.Build.0 = Release|Any CPU
		{C86B88D5-9EA1-42B0-AC71-4F94E6E1F3C3}.Release|x86.ActiveCfg = Release|Any CPU
		{C86B88D5-9EA1-42B0-AC71-4F94E6E1F3C3}.Release|x86.Build.0 = Release|Any CPU
		{EA1A3F21-643C-4B26-9C36-7EFB3F5276BE}.Debug|Any CPU.ActiveCfg = Debug|Any CPU
		{EA1A3F21-643C-4B26-9C36-7EFB3F5276BE}.Debug|Any CPU.Build.0 = Debug|Any CPU
		{EA1A3F21-643C-4B26-9C36-7EFB3F5276BE}.Debug|x64.ActiveCfg = Debug|Any CPU
		{EA1A3F21-643C-4B26-9C36-7EFB3F5276BE}.Debug|x64.Build.0 = Debug|Any CPU
		{EA1A3F21-643C-4B26-9C36-7EFB3F5276BE}.Debug|x86.ActiveCfg = Debug|Any CPU
		{EA1A3F21-643C-4B26-9C36-7EFB3F5276BE}.Debug|x86.Build.0 = Debug|Any CPU
		{EA1A3F21-643C-4B26-9C36-7EFB3F5276BE}.Release|Any CPU.ActiveCfg = Release|Any CPU
		{EA1A3F21-643C-4B26-9C36-7EFB3F5276BE}.Release|Any CPU.Build.0 = Release|Any CPU
		{EA1A3F21-643C-4B26-9C36-7EFB3F5276BE}.Release|x64.ActiveCfg = Release|Any CPU
		{EA1A3F21-643C-4B26-9C36-7EFB3F5276BE}.Release|x64.Build.0 = Release|Any CPU
		{EA1A3F21-643C-4B26-9C36-7EFB3F5276BE}.Release|x86.ActiveCfg = Release|Any CPU
		{EA1A3F21-643C-4B26-9C36-7EFB3F5276BE}.Release|x86.Build.0 = Release|Any CPU
		{7A63A8E3-93B3-4DBE-9EE0-589E2A5F5665}.Debug|Any CPU.ActiveCfg = Debug|Any CPU
		{7A63A8E3-93B3-4DBE-9EE0-589E2A5F5665}.Debug|Any CPU.Build.0 = Debug|Any CPU
		{7A63A8E3-93B3-4DBE-9EE0-589E2A5F5665}.Debug|x64.ActiveCfg = Debug|Any CPU
		{7A63A8E3-93B3-4DBE-9EE0-589E2A5F5665}.Debug|x64.Build.0 = Debug|Any CPU
		{7A63A8E3-93B3-4DBE-9EE0-589E2A5F5665}.Debug|x86.ActiveCfg = Debug|Any CPU
		{7A63A8E3-93B3-4DBE-9EE0-589E2A5F5665}.Debug|x86.Build.0 = Debug|Any CPU
		{7A63A8E3-93B3-4DBE-9EE0-589E2A5F5665}.Release|Any CPU.ActiveCfg = Release|Any CPU
		{7A63A8E3-93B3-4DBE-9EE0-589E2A5F5665}.Release|Any CPU.Build.0 = Release|Any CPU
		{7A63A8E3-93B3-4DBE-9EE0-589E2A5F5665}.Release|x64.ActiveCfg = Release|Any CPU
		{7A63A8E3-93B3-4DBE-9EE0-589E2A5F5665}.Release|x64.Build.0 = Release|Any CPU
		{7A63A8E3-93B3-4DBE-9EE0-589E2A5F5665}.Release|x86.ActiveCfg = Release|Any CPU
		{7A63A8E3-93B3-4DBE-9EE0-589E2A5F5665}.Release|x86.Build.0 = Release|Any CPU
		{D3B95E37-B818-47DF-826A-92F0D389B25A}.Debug|Any CPU.ActiveCfg = Debug|Any CPU
		{D3B95E37-B818-47DF-826A-92F0D389B25A}.Debug|Any CPU.Build.0 = Debug|Any CPU
		{D3B95E37-B818-47DF-826A-92F0D389B25A}.Debug|x64.ActiveCfg = Debug|Any CPU
		{D3B95E37-B818-47DF-826A-92F0D389B25A}.Debug|x64.Build.0 = Debug|Any CPU
		{D3B95E37-B818-47DF-826A-92F0D389B25A}.Debug|x86.ActiveCfg = Debug|Any CPU
		{D3B95E37-B818-47DF-826A-92F0D389B25A}.Debug|x86.Build.0 = Debug|Any CPU
		{D3B95E37-B818-47DF-826A-92F0D389B25A}.Release|Any CPU.ActiveCfg = Release|Any CPU
		{D3B95E37-B818-47DF-826A-92F0D389B25A}.Release|Any CPU.Build.0 = Release|Any CPU
		{D3B95E37-B818-47DF-826A-92F0D389B25A}.Release|x64.ActiveCfg = Release|Any CPU
		{D3B95E37-B818-47DF-826A-92F0D389B25A}.Release|x64.Build.0 = Release|Any CPU
		{D3B95E37-B818-47DF-826A-92F0D389B25A}.Release|x86.ActiveCfg = Release|Any CPU
		{D3B95E37-B818-47DF-826A-92F0D389B25A}.Release|x86.Build.0 = Release|Any CPU
		{A2FECA33-5C3F-4B7E-8F53-9185E677DCB5}.Debug|Any CPU.ActiveCfg = Debug|Any CPU
		{A2FECA33-5C3F-4B7E-8F53-9185E677DCB5}.Debug|Any CPU.Build.0 = Debug|Any CPU
		{A2FECA33-5C3F-4B7E-8F53-9185E677DCB5}.Debug|x64.ActiveCfg = Debug|Any CPU
		{A2FECA33-5C3F-4B7E-8F53-9185E677DCB5}.Debug|x64.Build.0 = Debug|Any CPU
		{A2FECA33-5C3F-4B7E-8F53-9185E677DCB5}.Debug|x86.ActiveCfg = Debug|Any CPU
		{A2FECA33-5C3F-4B7E-8F53-9185E677DCB5}.Debug|x86.Build.0 = Debug|Any CPU
		{A2FECA33-5C3F-4B7E-8F53-9185E677DCB5}.Release|Any CPU.ActiveCfg = Release|Any CPU
		{A2FECA33-5C3F-4B7E-8F53-9185E677DCB5}.Release|Any CPU.Build.0 = Release|Any CPU
		{A2FECA33-5C3F-4B7E-8F53-9185E677DCB5}.Release|x64.ActiveCfg = Release|Any CPU
		{A2FECA33-5C3F-4B7E-8F53-9185E677DCB5}.Release|x64.Build.0 = Release|Any CPU
		{A2FECA33-5C3F-4B7E-8F53-9185E677DCB5}.Release|x86.ActiveCfg = Release|Any CPU
		{A2FECA33-5C3F-4B7E-8F53-9185E677DCB5}.Release|x86.Build.0 = Release|Any CPU
		{D03728FC-F531-4BF2-8F88-14475CA4AE15}.Debug|Any CPU.ActiveCfg = Debug|Any CPU
		{D03728FC-F531-4BF2-8F88-14475CA4AE15}.Debug|Any CPU.Build.0 = Debug|Any CPU
		{D03728FC-F531-4BF2-8F88-14475CA4AE15}.Debug|x64.ActiveCfg = Debug|Any CPU
		{D03728FC-F531-4BF2-8F88-14475CA4AE15}.Debug|x64.Build.0 = Debug|Any CPU
		{D03728FC-F531-4BF2-8F88-14475CA4AE15}.Debug|x86.ActiveCfg = Debug|Any CPU
		{D03728FC-F531-4BF2-8F88-14475CA4AE15}.Debug|x86.Build.0 = Debug|Any CPU
		{D03728FC-F531-4BF2-8F88-14475CA4AE15}.Release|Any CPU.ActiveCfg = Release|Any CPU
		{D03728FC-F531-4BF2-8F88-14475CA4AE15}.Release|Any CPU.Build.0 = Release|Any CPU
		{D03728FC-F531-4BF2-8F88-14475CA4AE15}.Release|x64.ActiveCfg = Release|Any CPU
		{D03728FC-F531-4BF2-8F88-14475CA4AE15}.Release|x64.Build.0 = Release|Any CPU
		{D03728FC-F531-4BF2-8F88-14475CA4AE15}.Release|x86.ActiveCfg = Release|Any CPU
		{D03728FC-F531-4BF2-8F88-14475CA4AE15}.Release|x86.Build.0 = Release|Any CPU
		{EDEB0850-803C-4437-A4F7-77F324F46EAB}.Debug|Any CPU.ActiveCfg = Debug|Any CPU
		{EDEB0850-803C-4437-A4F7-77F324F46EAB}.Debug|Any CPU.Build.0 = Debug|Any CPU
		{EDEB0850-803C-4437-A4F7-77F324F46EAB}.Debug|x64.ActiveCfg = Debug|Any CPU
		{EDEB0850-803C-4437-A4F7-77F324F46EAB}.Debug|x64.Build.0 = Debug|Any CPU
		{EDEB0850-803C-4437-A4F7-77F324F46EAB}.Debug|x86.ActiveCfg = Debug|Any CPU
		{EDEB0850-803C-4437-A4F7-77F324F46EAB}.Debug|x86.Build.0 = Debug|Any CPU
		{EDEB0850-803C-4437-A4F7-77F324F46EAB}.Release|Any CPU.ActiveCfg = Release|Any CPU
		{EDEB0850-803C-4437-A4F7-77F324F46EAB}.Release|Any CPU.Build.0 = Release|Any CPU
		{EDEB0850-803C-4437-A4F7-77F324F46EAB}.Release|x64.ActiveCfg = Release|Any CPU
		{EDEB0850-803C-4437-A4F7-77F324F46EAB}.Release|x64.Build.0 = Release|Any CPU
		{EDEB0850-803C-4437-A4F7-77F324F46EAB}.Release|x86.ActiveCfg = Release|Any CPU
		{EDEB0850-803C-4437-A4F7-77F324F46EAB}.Release|x86.Build.0 = Release|Any CPU
		{ED3E9A9C-DE18-475F-BE7F-28DF9A8FAFED}.Debug|Any CPU.ActiveCfg = Debug|Any CPU
		{ED3E9A9C-DE18-475F-BE7F-28DF9A8FAFED}.Debug|Any CPU.Build.0 = Debug|Any CPU
		{ED3E9A9C-DE18-475F-BE7F-28DF9A8FAFED}.Debug|x64.ActiveCfg = Debug|Any CPU
		{ED3E9A9C-DE18-475F-BE7F-28DF9A8FAFED}.Debug|x64.Build.0 = Debug|Any CPU
		{ED3E9A9C-DE18-475F-BE7F-28DF9A8FAFED}.Debug|x86.ActiveCfg = Debug|Any CPU
		{ED3E9A9C-DE18-475F-BE7F-28DF9A8FAFED}.Debug|x86.Build.0 = Debug|Any CPU
		{ED3E9A9C-DE18-475F-BE7F-28DF9A8FAFED}.Release|Any CPU.ActiveCfg = Release|Any CPU
		{ED3E9A9C-DE18-475F-BE7F-28DF9A8FAFED}.Release|Any CPU.Build.0 = Release|Any CPU
		{ED3E9A9C-DE18-475F-BE7F-28DF9A8FAFED}.Release|x64.ActiveCfg = Release|Any CPU
		{ED3E9A9C-DE18-475F-BE7F-28DF9A8FAFED}.Release|x64.Build.0 = Release|Any CPU
		{ED3E9A9C-DE18-475F-BE7F-28DF9A8FAFED}.Release|x86.ActiveCfg = Release|Any CPU
		{ED3E9A9C-DE18-475F-BE7F-28DF9A8FAFED}.Release|x86.Build.0 = Release|Any CPU
		{6F9A7314-AAB1-4D05-89A3-B32F8C6BB43A}.Debug|Any CPU.ActiveCfg = Debug|Any CPU
		{6F9A7314-AAB1-4D05-89A3-B32F8C6BB43A}.Debug|Any CPU.Build.0 = Debug|Any CPU
		{6F9A7314-AAB1-4D05-89A3-B32F8C6BB43A}.Debug|x64.ActiveCfg = Debug|Any CPU
		{6F9A7314-AAB1-4D05-89A3-B32F8C6BB43A}.Debug|x64.Build.0 = Debug|Any CPU
		{6F9A7314-AAB1-4D05-89A3-B32F8C6BB43A}.Debug|x86.ActiveCfg = Debug|Any CPU
		{6F9A7314-AAB1-4D05-89A3-B32F8C6BB43A}.Debug|x86.Build.0 = Debug|Any CPU
		{6F9A7314-AAB1-4D05-89A3-B32F8C6BB43A}.Release|Any CPU.ActiveCfg = Release|Any CPU
		{6F9A7314-AAB1-4D05-89A3-B32F8C6BB43A}.Release|Any CPU.Build.0 = Release|Any CPU
		{6F9A7314-AAB1-4D05-89A3-B32F8C6BB43A}.Release|x64.ActiveCfg = Release|Any CPU
		{6F9A7314-AAB1-4D05-89A3-B32F8C6BB43A}.Release|x64.Build.0 = Release|Any CPU
		{6F9A7314-AAB1-4D05-89A3-B32F8C6BB43A}.Release|x86.ActiveCfg = Release|Any CPU
		{6F9A7314-AAB1-4D05-89A3-B32F8C6BB43A}.Release|x86.Build.0 = Release|Any CPU
		{EA993E6E-5F62-40D7-B3B0-884E22891B1B}.Debug|Any CPU.ActiveCfg = Debug|Any CPU
		{EA993E6E-5F62-40D7-B3B0-884E22891B1B}.Debug|Any CPU.Build.0 = Debug|Any CPU
		{EA993E6E-5F62-40D7-B3B0-884E22891B1B}.Debug|x64.ActiveCfg = Debug|Any CPU
		{EA993E6E-5F62-40D7-B3B0-884E22891B1B}.Debug|x64.Build.0 = Debug|Any CPU
		{EA993E6E-5F62-40D7-B3B0-884E22891B1B}.Debug|x86.ActiveCfg = Debug|Any CPU
		{EA993E6E-5F62-40D7-B3B0-884E22891B1B}.Debug|x86.Build.0 = Debug|Any CPU
		{EA993E6E-5F62-40D7-B3B0-884E22891B1B}.Release|Any CPU.ActiveCfg = Release|Any CPU
		{EA993E6E-5F62-40D7-B3B0-884E22891B1B}.Release|Any CPU.Build.0 = Release|Any CPU
		{EA993E6E-5F62-40D7-B3B0-884E22891B1B}.Release|x64.ActiveCfg = Release|Any CPU
		{EA993E6E-5F62-40D7-B3B0-884E22891B1B}.Release|x64.Build.0 = Release|Any CPU
		{EA993E6E-5F62-40D7-B3B0-884E22891B1B}.Release|x86.ActiveCfg = Release|Any CPU
		{EA993E6E-5F62-40D7-B3B0-884E22891B1B}.Release|x86.Build.0 = Release|Any CPU
		{F694FE41-ED0A-432B-B7EE-2A1230880CF8}.Debug|Any CPU.ActiveCfg = Debug|Any CPU
		{F694FE41-ED0A-432B-B7EE-2A1230880CF8}.Debug|Any CPU.Build.0 = Debug|Any CPU
		{F694FE41-ED0A-432B-B7EE-2A1230880CF8}.Debug|x64.ActiveCfg = Debug|Any CPU
		{F694FE41-ED0A-432B-B7EE-2A1230880CF8}.Debug|x64.Build.0 = Debug|Any CPU
		{F694FE41-ED0A-432B-B7EE-2A1230880CF8}.Debug|x86.ActiveCfg = Debug|Any CPU
		{F694FE41-ED0A-432B-B7EE-2A1230880CF8}.Debug|x86.Build.0 = Debug|Any CPU
		{F694FE41-ED0A-432B-B7EE-2A1230880CF8}.Release|Any CPU.ActiveCfg = Release|Any CPU
		{F694FE41-ED0A-432B-B7EE-2A1230880CF8}.Release|Any CPU.Build.0 = Release|Any CPU
		{F694FE41-ED0A-432B-B7EE-2A1230880CF8}.Release|x64.ActiveCfg = Release|Any CPU
		{F694FE41-ED0A-432B-B7EE-2A1230880CF8}.Release|x64.Build.0 = Release|Any CPU
		{F694FE41-ED0A-432B-B7EE-2A1230880CF8}.Release|x86.ActiveCfg = Release|Any CPU
		{F694FE41-ED0A-432B-B7EE-2A1230880CF8}.Release|x86.Build.0 = Release|Any CPU
		{5A3B4D89-CF37-4597-9717-E8BB106AC8FB}.Debug|Any CPU.ActiveCfg = Debug|Any CPU
		{5A3B4D89-CF37-4597-9717-E8BB106AC8FB}.Debug|Any CPU.Build.0 = Debug|Any CPU
		{5A3B4D89-CF37-4597-9717-E8BB106AC8FB}.Debug|x64.ActiveCfg = Debug|Any CPU
		{5A3B4D89-CF37-4597-9717-E8BB106AC8FB}.Debug|x64.Build.0 = Debug|Any CPU
		{5A3B4D89-CF37-4597-9717-E8BB106AC8FB}.Debug|x86.ActiveCfg = Debug|Any CPU
		{5A3B4D89-CF37-4597-9717-E8BB106AC8FB}.Debug|x86.Build.0 = Debug|Any CPU
		{5A3B4D89-CF37-4597-9717-E8BB106AC8FB}.Release|Any CPU.ActiveCfg = Release|Any CPU
		{5A3B4D89-CF37-4597-9717-E8BB106AC8FB}.Release|Any CPU.Build.0 = Release|Any CPU
		{5A3B4D89-CF37-4597-9717-E8BB106AC8FB}.Release|x64.ActiveCfg = Release|Any CPU
		{5A3B4D89-CF37-4597-9717-E8BB106AC8FB}.Release|x64.Build.0 = Release|Any CPU
		{5A3B4D89-CF37-4597-9717-E8BB106AC8FB}.Release|x86.ActiveCfg = Release|Any CPU
		{5A3B4D89-CF37-4597-9717-E8BB106AC8FB}.Release|x86.Build.0 = Release|Any CPU
		{A54522C0-E62A-48F2-AC16-7747597A2342}.Debug|Any CPU.ActiveCfg = Debug|Any CPU
		{A54522C0-E62A-48F2-AC16-7747597A2342}.Debug|Any CPU.Build.0 = Debug|Any CPU
		{A54522C0-E62A-48F2-AC16-7747597A2342}.Debug|x64.ActiveCfg = Debug|Any CPU
		{A54522C0-E62A-48F2-AC16-7747597A2342}.Debug|x64.Build.0 = Debug|Any CPU
		{A54522C0-E62A-48F2-AC16-7747597A2342}.Debug|x86.ActiveCfg = Debug|Any CPU
		{A54522C0-E62A-48F2-AC16-7747597A2342}.Debug|x86.Build.0 = Debug|Any CPU
		{A54522C0-E62A-48F2-AC16-7747597A2342}.Release|Any CPU.ActiveCfg = Release|Any CPU
		{A54522C0-E62A-48F2-AC16-7747597A2342}.Release|Any CPU.Build.0 = Release|Any CPU
		{A54522C0-E62A-48F2-AC16-7747597A2342}.Release|x64.ActiveCfg = Release|Any CPU
		{A54522C0-E62A-48F2-AC16-7747597A2342}.Release|x64.Build.0 = Release|Any CPU
		{A54522C0-E62A-48F2-AC16-7747597A2342}.Release|x86.ActiveCfg = Release|Any CPU
		{A54522C0-E62A-48F2-AC16-7747597A2342}.Release|x86.Build.0 = Release|Any CPU
		{8D6F652A-9EA6-47AE-9E8F-DFAC25DA8450}.Debug|Any CPU.ActiveCfg = Debug|Any CPU
		{8D6F652A-9EA6-47AE-9E8F-DFAC25DA8450}.Debug|Any CPU.Build.0 = Debug|Any CPU
		{8D6F652A-9EA6-47AE-9E8F-DFAC25DA8450}.Debug|x64.ActiveCfg = Debug|Any CPU
		{8D6F652A-9EA6-47AE-9E8F-DFAC25DA8450}.Debug|x64.Build.0 = Debug|Any CPU
		{8D6F652A-9EA6-47AE-9E8F-DFAC25DA8450}.Debug|x86.ActiveCfg = Debug|Any CPU
		{8D6F652A-9EA6-47AE-9E8F-DFAC25DA8450}.Debug|x86.Build.0 = Debug|Any CPU
		{8D6F652A-9EA6-47AE-9E8F-DFAC25DA8450}.Release|Any CPU.ActiveCfg = Release|Any CPU
		{8D6F652A-9EA6-47AE-9E8F-DFAC25DA8450}.Release|Any CPU.Build.0 = Release|Any CPU
		{8D6F652A-9EA6-47AE-9E8F-DFAC25DA8450}.Release|x64.ActiveCfg = Release|Any CPU
		{8D6F652A-9EA6-47AE-9E8F-DFAC25DA8450}.Release|x64.Build.0 = Release|Any CPU
		{8D6F652A-9EA6-47AE-9E8F-DFAC25DA8450}.Release|x86.ActiveCfg = Release|Any CPU
		{8D6F652A-9EA6-47AE-9E8F-DFAC25DA8450}.Release|x86.Build.0 = Release|Any CPU
		{49846182-A8AC-42F2-886C-F64CF087C373}.Debug|Any CPU.ActiveCfg = Debug|Any CPU
		{49846182-A8AC-42F2-886C-F64CF087C373}.Debug|Any CPU.Build.0 = Debug|Any CPU
		{49846182-A8AC-42F2-886C-F64CF087C373}.Debug|x64.ActiveCfg = Debug|Any CPU
		{49846182-A8AC-42F2-886C-F64CF087C373}.Debug|x64.Build.0 = Debug|Any CPU
		{49846182-A8AC-42F2-886C-F64CF087C373}.Debug|x86.ActiveCfg = Debug|Any CPU
		{49846182-A8AC-42F2-886C-F64CF087C373}.Debug|x86.Build.0 = Debug|Any CPU
		{49846182-A8AC-42F2-886C-F64CF087C373}.Release|Any CPU.ActiveCfg = Release|Any CPU
		{49846182-A8AC-42F2-886C-F64CF087C373}.Release|Any CPU.Build.0 = Release|Any CPU
		{49846182-A8AC-42F2-886C-F64CF087C373}.Release|x64.ActiveCfg = Release|Any CPU
		{49846182-A8AC-42F2-886C-F64CF087C373}.Release|x64.Build.0 = Release|Any CPU
		{49846182-A8AC-42F2-886C-F64CF087C373}.Release|x86.ActiveCfg = Release|Any CPU
		{49846182-A8AC-42F2-886C-F64CF087C373}.Release|x86.Build.0 = Release|Any CPU
		{68E859B9-2E42-41E2-85FE-4083B6D779BF}.Debug|Any CPU.ActiveCfg = Debug|Any CPU
		{68E859B9-2E42-41E2-85FE-4083B6D779BF}.Debug|Any CPU.Build.0 = Debug|Any CPU
		{68E859B9-2E42-41E2-85FE-4083B6D779BF}.Debug|x64.ActiveCfg = Debug|Any CPU
		{68E859B9-2E42-41E2-85FE-4083B6D779BF}.Debug|x64.Build.0 = Debug|Any CPU
		{68E859B9-2E42-41E2-85FE-4083B6D779BF}.Debug|x86.ActiveCfg = Debug|Any CPU
		{68E859B9-2E42-41E2-85FE-4083B6D779BF}.Debug|x86.Build.0 = Debug|Any CPU
		{68E859B9-2E42-41E2-85FE-4083B6D779BF}.Release|Any CPU.ActiveCfg = Release|Any CPU
		{68E859B9-2E42-41E2-85FE-4083B6D779BF}.Release|Any CPU.Build.0 = Release|Any CPU
		{68E859B9-2E42-41E2-85FE-4083B6D779BF}.Release|x64.ActiveCfg = Release|Any CPU
		{68E859B9-2E42-41E2-85FE-4083B6D779BF}.Release|x64.Build.0 = Release|Any CPU
		{68E859B9-2E42-41E2-85FE-4083B6D779BF}.Release|x86.ActiveCfg = Release|Any CPU
		{68E859B9-2E42-41E2-85FE-4083B6D779BF}.Release|x86.Build.0 = Release|Any CPU
		{3CE6E44D-A6EB-41C5-A1F6-8B6816783F51}.Debug|Any CPU.ActiveCfg = Debug|Any CPU
		{3CE6E44D-A6EB-41C5-A1F6-8B6816783F51}.Debug|Any CPU.Build.0 = Debug|Any CPU
		{3CE6E44D-A6EB-41C5-A1F6-8B6816783F51}.Debug|x64.ActiveCfg = Debug|Any CPU
		{3CE6E44D-A6EB-41C5-A1F6-8B6816783F51}.Debug|x64.Build.0 = Debug|Any CPU
		{3CE6E44D-A6EB-41C5-A1F6-8B6816783F51}.Debug|x86.ActiveCfg = Debug|Any CPU
		{3CE6E44D-A6EB-41C5-A1F6-8B6816783F51}.Debug|x86.Build.0 = Debug|Any CPU
		{3CE6E44D-A6EB-41C5-A1F6-8B6816783F51}.Release|Any CPU.ActiveCfg = Release|Any CPU
		{3CE6E44D-A6EB-41C5-A1F6-8B6816783F51}.Release|Any CPU.Build.0 = Release|Any CPU
		{3CE6E44D-A6EB-41C5-A1F6-8B6816783F51}.Release|x64.ActiveCfg = Release|Any CPU
		{3CE6E44D-A6EB-41C5-A1F6-8B6816783F51}.Release|x64.Build.0 = Release|Any CPU
		{3CE6E44D-A6EB-41C5-A1F6-8B6816783F51}.Release|x86.ActiveCfg = Release|Any CPU
		{3CE6E44D-A6EB-41C5-A1F6-8B6816783F51}.Release|x86.Build.0 = Release|Any CPU
		{30EFE913-C0DC-4A0F-B30C-99B8C7CDAA0C}.Debug|Any CPU.ActiveCfg = Debug|Any CPU
		{30EFE913-C0DC-4A0F-B30C-99B8C7CDAA0C}.Debug|Any CPU.Build.0 = Debug|Any CPU
		{30EFE913-C0DC-4A0F-B30C-99B8C7CDAA0C}.Debug|x64.ActiveCfg = Debug|Any CPU
		{30EFE913-C0DC-4A0F-B30C-99B8C7CDAA0C}.Debug|x64.Build.0 = Debug|Any CPU
		{30EFE913-C0DC-4A0F-B30C-99B8C7CDAA0C}.Debug|x86.ActiveCfg = Debug|Any CPU
		{30EFE913-C0DC-4A0F-B30C-99B8C7CDAA0C}.Debug|x86.Build.0 = Debug|Any CPU
		{30EFE913-C0DC-4A0F-B30C-99B8C7CDAA0C}.Release|Any CPU.ActiveCfg = Release|Any CPU
		{30EFE913-C0DC-4A0F-B30C-99B8C7CDAA0C}.Release|Any CPU.Build.0 = Release|Any CPU
		{30EFE913-C0DC-4A0F-B30C-99B8C7CDAA0C}.Release|x64.ActiveCfg = Release|Any CPU
		{30EFE913-C0DC-4A0F-B30C-99B8C7CDAA0C}.Release|x64.Build.0 = Release|Any CPU
		{30EFE913-C0DC-4A0F-B30C-99B8C7CDAA0C}.Release|x86.ActiveCfg = Release|Any CPU
		{30EFE913-C0DC-4A0F-B30C-99B8C7CDAA0C}.Release|x86.Build.0 = Release|Any CPU
		{F7A226DE-59F9-444B-BDB5-EA07B34F6C9B}.Debug|Any CPU.ActiveCfg = Debug|Any CPU
		{F7A226DE-59F9-444B-BDB5-EA07B34F6C9B}.Debug|Any CPU.Build.0 = Debug|Any CPU
		{F7A226DE-59F9-444B-BDB5-EA07B34F6C9B}.Debug|x64.ActiveCfg = Debug|Any CPU
		{F7A226DE-59F9-444B-BDB5-EA07B34F6C9B}.Debug|x64.Build.0 = Debug|Any CPU
		{F7A226DE-59F9-444B-BDB5-EA07B34F6C9B}.Debug|x86.ActiveCfg = Debug|Any CPU
		{F7A226DE-59F9-444B-BDB5-EA07B34F6C9B}.Debug|x86.Build.0 = Debug|Any CPU
		{F7A226DE-59F9-444B-BDB5-EA07B34F6C9B}.Release|Any CPU.ActiveCfg = Release|Any CPU
		{F7A226DE-59F9-444B-BDB5-EA07B34F6C9B}.Release|Any CPU.Build.0 = Release|Any CPU
		{F7A226DE-59F9-444B-BDB5-EA07B34F6C9B}.Release|x64.ActiveCfg = Release|Any CPU
		{F7A226DE-59F9-444B-BDB5-EA07B34F6C9B}.Release|x64.Build.0 = Release|Any CPU
		{F7A226DE-59F9-444B-BDB5-EA07B34F6C9B}.Release|x86.ActiveCfg = Release|Any CPU
		{F7A226DE-59F9-444B-BDB5-EA07B34F6C9B}.Release|x86.Build.0 = Release|Any CPU
		{C4EA4E3B-BAAE-4988-BB96-95178D8C4522}.Debug|Any CPU.ActiveCfg = Debug|Any CPU
		{C4EA4E3B-BAAE-4988-BB96-95178D8C4522}.Debug|Any CPU.Build.0 = Debug|Any CPU
		{C4EA4E3B-BAAE-4988-BB96-95178D8C4522}.Debug|x64.ActiveCfg = Debug|Any CPU
		{C4EA4E3B-BAAE-4988-BB96-95178D8C4522}.Debug|x64.Build.0 = Debug|Any CPU
		{C4EA4E3B-BAAE-4988-BB96-95178D8C4522}.Debug|x86.ActiveCfg = Debug|Any CPU
		{C4EA4E3B-BAAE-4988-BB96-95178D8C4522}.Debug|x86.Build.0 = Debug|Any CPU
		{C4EA4E3B-BAAE-4988-BB96-95178D8C4522}.Release|Any CPU.ActiveCfg = Release|Any CPU
		{C4EA4E3B-BAAE-4988-BB96-95178D8C4522}.Release|Any CPU.Build.0 = Release|Any CPU
		{C4EA4E3B-BAAE-4988-BB96-95178D8C4522}.Release|x64.ActiveCfg = Release|Any CPU
		{C4EA4E3B-BAAE-4988-BB96-95178D8C4522}.Release|x64.Build.0 = Release|Any CPU
		{C4EA4E3B-BAAE-4988-BB96-95178D8C4522}.Release|x86.ActiveCfg = Release|Any CPU
		{C4EA4E3B-BAAE-4988-BB96-95178D8C4522}.Release|x86.Build.0 = Release|Any CPU
		{BBB94DF7-FE9E-43F2-8177-B1DC6707B3D2}.Debug|Any CPU.ActiveCfg = Debug|Any CPU
		{BBB94DF7-FE9E-43F2-8177-B1DC6707B3D2}.Debug|Any CPU.Build.0 = Debug|Any CPU
		{BBB94DF7-FE9E-43F2-8177-B1DC6707B3D2}.Debug|x64.ActiveCfg = Debug|Any CPU
		{BBB94DF7-FE9E-43F2-8177-B1DC6707B3D2}.Debug|x64.Build.0 = Debug|Any CPU
		{BBB94DF7-FE9E-43F2-8177-B1DC6707B3D2}.Debug|x86.ActiveCfg = Debug|Any CPU
		{BBB94DF7-FE9E-43F2-8177-B1DC6707B3D2}.Debug|x86.Build.0 = Debug|Any CPU
		{BBB94DF7-FE9E-43F2-8177-B1DC6707B3D2}.Release|Any CPU.ActiveCfg = Release|Any CPU
		{BBB94DF7-FE9E-43F2-8177-B1DC6707B3D2}.Release|Any CPU.Build.0 = Release|Any CPU
		{BBB94DF7-FE9E-43F2-8177-B1DC6707B3D2}.Release|x64.ActiveCfg = Release|Any CPU
		{BBB94DF7-FE9E-43F2-8177-B1DC6707B3D2}.Release|x64.Build.0 = Release|Any CPU
		{BBB94DF7-FE9E-43F2-8177-B1DC6707B3D2}.Release|x86.ActiveCfg = Release|Any CPU
		{BBB94DF7-FE9E-43F2-8177-B1DC6707B3D2}.Release|x86.Build.0 = Release|Any CPU
		{27CC7774-4A13-4E7C-A3D5-8B673ECB6999}.Debug|Any CPU.ActiveCfg = Debug|Any CPU
		{27CC7774-4A13-4E7C-A3D5-8B673ECB6999}.Debug|Any CPU.Build.0 = Debug|Any CPU
		{27CC7774-4A13-4E7C-A3D5-8B673ECB6999}.Debug|x64.ActiveCfg = Debug|Any CPU
		{27CC7774-4A13-4E7C-A3D5-8B673ECB6999}.Debug|x64.Build.0 = Debug|Any CPU
		{27CC7774-4A13-4E7C-A3D5-8B673ECB6999}.Debug|x86.ActiveCfg = Debug|Any CPU
		{27CC7774-4A13-4E7C-A3D5-8B673ECB6999}.Debug|x86.Build.0 = Debug|Any CPU
		{27CC7774-4A13-4E7C-A3D5-8B673ECB6999}.Release|Any CPU.ActiveCfg = Release|Any CPU
		{27CC7774-4A13-4E7C-A3D5-8B673ECB6999}.Release|Any CPU.Build.0 = Release|Any CPU
		{27CC7774-4A13-4E7C-A3D5-8B673ECB6999}.Release|x64.ActiveCfg = Release|Any CPU
		{27CC7774-4A13-4E7C-A3D5-8B673ECB6999}.Release|x64.Build.0 = Release|Any CPU
		{27CC7774-4A13-4E7C-A3D5-8B673ECB6999}.Release|x86.ActiveCfg = Release|Any CPU
		{27CC7774-4A13-4E7C-A3D5-8B673ECB6999}.Release|x86.Build.0 = Release|Any CPU
		{5EDD3278-D7E8-4664-B7C2-2A2857701FA1}.Debug|Any CPU.ActiveCfg = Debug|Any CPU
		{5EDD3278-D7E8-4664-B7C2-2A2857701FA1}.Debug|Any CPU.Build.0 = Debug|Any CPU
		{5EDD3278-D7E8-4664-B7C2-2A2857701FA1}.Debug|x64.ActiveCfg = Debug|Any CPU
		{5EDD3278-D7E8-4664-B7C2-2A2857701FA1}.Debug|x64.Build.0 = Debug|Any CPU
		{5EDD3278-D7E8-4664-B7C2-2A2857701FA1}.Debug|x86.ActiveCfg = Debug|Any CPU
		{5EDD3278-D7E8-4664-B7C2-2A2857701FA1}.Debug|x86.Build.0 = Debug|Any CPU
		{5EDD3278-D7E8-4664-B7C2-2A2857701FA1}.Release|Any CPU.ActiveCfg = Release|Any CPU
		{5EDD3278-D7E8-4664-B7C2-2A2857701FA1}.Release|Any CPU.Build.0 = Release|Any CPU
		{5EDD3278-D7E8-4664-B7C2-2A2857701FA1}.Release|x64.ActiveCfg = Release|Any CPU
		{5EDD3278-D7E8-4664-B7C2-2A2857701FA1}.Release|x64.Build.0 = Release|Any CPU
		{5EDD3278-D7E8-4664-B7C2-2A2857701FA1}.Release|x86.ActiveCfg = Release|Any CPU
		{5EDD3278-D7E8-4664-B7C2-2A2857701FA1}.Release|x86.Build.0 = Release|Any CPU
		{C80B656D-B708-4824-AEC8-92A64FE5E9C1}.Debug|Any CPU.ActiveCfg = Debug|Any CPU
		{C80B656D-B708-4824-AEC8-92A64FE5E9C1}.Debug|Any CPU.Build.0 = Debug|Any CPU
		{C80B656D-B708-4824-AEC8-92A64FE5E9C1}.Debug|x64.ActiveCfg = Debug|Any CPU
		{C80B656D-B708-4824-AEC8-92A64FE5E9C1}.Debug|x64.Build.0 = Debug|Any CPU
		{C80B656D-B708-4824-AEC8-92A64FE5E9C1}.Debug|x86.ActiveCfg = Debug|Any CPU
		{C80B656D-B708-4824-AEC8-92A64FE5E9C1}.Debug|x86.Build.0 = Debug|Any CPU
		{C80B656D-B708-4824-AEC8-92A64FE5E9C1}.Release|Any CPU.ActiveCfg = Release|Any CPU
		{C80B656D-B708-4824-AEC8-92A64FE5E9C1}.Release|Any CPU.Build.0 = Release|Any CPU
		{C80B656D-B708-4824-AEC8-92A64FE5E9C1}.Release|x64.ActiveCfg = Release|Any CPU
		{C80B656D-B708-4824-AEC8-92A64FE5E9C1}.Release|x64.Build.0 = Release|Any CPU
		{C80B656D-B708-4824-AEC8-92A64FE5E9C1}.Release|x86.ActiveCfg = Release|Any CPU
		{C80B656D-B708-4824-AEC8-92A64FE5E9C1}.Release|x86.Build.0 = Release|Any CPU
		{1CB9A235-2F7F-4438-B819-862BF838A562}.Debug|Any CPU.ActiveCfg = Debug|Any CPU
		{1CB9A235-2F7F-4438-B819-862BF838A562}.Debug|Any CPU.Build.0 = Debug|Any CPU
		{1CB9A235-2F7F-4438-B819-862BF838A562}.Debug|x64.ActiveCfg = Debug|Any CPU
		{1CB9A235-2F7F-4438-B819-862BF838A562}.Debug|x64.Build.0 = Debug|Any CPU
		{1CB9A235-2F7F-4438-B819-862BF838A562}.Debug|x86.ActiveCfg = Debug|Any CPU
		{1CB9A235-2F7F-4438-B819-862BF838A562}.Debug|x86.Build.0 = Debug|Any CPU
		{1CB9A235-2F7F-4438-B819-862BF838A562}.Release|Any CPU.ActiveCfg = Release|Any CPU
		{1CB9A235-2F7F-4438-B819-862BF838A562}.Release|Any CPU.Build.0 = Release|Any CPU
		{1CB9A235-2F7F-4438-B819-862BF838A562}.Release|x64.ActiveCfg = Release|Any CPU
		{1CB9A235-2F7F-4438-B819-862BF838A562}.Release|x64.Build.0 = Release|Any CPU
		{1CB9A235-2F7F-4438-B819-862BF838A562}.Release|x86.ActiveCfg = Release|Any CPU
		{1CB9A235-2F7F-4438-B819-862BF838A562}.Release|x86.Build.0 = Release|Any CPU
	EndGlobalSection
	GlobalSection(SolutionProperties) = preSolution
		HideSolutionNode = FALSE
	EndGlobalSection
	GlobalSection(NestedProjects) = preSolution
		{DFF587EE-E4E5-4884-9093-363B9514298E} = {7DA4AAF6-086B-4E45-96F9-C2F25CA34D9F}
		{6424DF5E-5718-4B2A-815C-36707E097681} = {7DA4AAF6-086B-4E45-96F9-C2F25CA34D9F}
		{ACE0B788-FD90-4230-83F8-827FA061FAD2} = {7DA4AAF6-086B-4E45-96F9-C2F25CA34D9F}
		{76530231-B6F8-4122-AACD-CDB8684C2629} = {6424DF5E-5718-4B2A-815C-36707E097681}
		{CD309B1F-B177-4AEE-866D-866E09ED6F90} = {6424DF5E-5718-4B2A-815C-36707E097681}
		{E56D7883-F61C-4843-9DB6-2C05D6E45E25} = {6424DF5E-5718-4B2A-815C-36707E097681}
		{A32C7C6C-DB22-4D7E-8EF6-EA365401870B} = {6424DF5E-5718-4B2A-815C-36707E097681}
		{C86B88D5-9EA1-42B0-AC71-4F94E6E1F3C3} = {ACE0B788-FD90-4230-83F8-827FA061FAD2}
		{EA1A3F21-643C-4B26-9C36-7EFB3F5276BE} = {DFF587EE-E4E5-4884-9093-363B9514298E}
		{7A63A8E3-93B3-4DBE-9EE0-589E2A5F5665} = {DFF587EE-E4E5-4884-9093-363B9514298E}
		{D3B95E37-B818-47DF-826A-92F0D389B25A} = {DFF587EE-E4E5-4884-9093-363B9514298E}
		{A2FECA33-5C3F-4B7E-8F53-9185E677DCB5} = {DFF587EE-E4E5-4884-9093-363B9514298E}
		{D03728FC-F531-4BF2-8F88-14475CA4AE15} = {76530231-B6F8-4122-AACD-CDB8684C2629}
		{EDEB0850-803C-4437-A4F7-77F324F46EAB} = {76530231-B6F8-4122-AACD-CDB8684C2629}
		{ED3E9A9C-DE18-475F-BE7F-28DF9A8FAFED} = {76530231-B6F8-4122-AACD-CDB8684C2629}
		{6F9A7314-AAB1-4D05-89A3-B32F8C6BB43A} = {76530231-B6F8-4122-AACD-CDB8684C2629}
		{EA993E6E-5F62-40D7-B3B0-884E22891B1B} = {CD309B1F-B177-4AEE-866D-866E09ED6F90}
		{F694FE41-ED0A-432B-B7EE-2A1230880CF8} = {CD309B1F-B177-4AEE-866D-866E09ED6F90}
		{5A3B4D89-CF37-4597-9717-E8BB106AC8FB} = {CD309B1F-B177-4AEE-866D-866E09ED6F90}
		{A54522C0-E62A-48F2-AC16-7747597A2342} = {CD309B1F-B177-4AEE-866D-866E09ED6F90}
		{8D6F652A-9EA6-47AE-9E8F-DFAC25DA8450} = {E56D7883-F61C-4843-9DB6-2C05D6E45E25}
		{49846182-A8AC-42F2-886C-F64CF087C373} = {E56D7883-F61C-4843-9DB6-2C05D6E45E25}
		{68E859B9-2E42-41E2-85FE-4083B6D779BF} = {E56D7883-F61C-4843-9DB6-2C05D6E45E25}
		{3CE6E44D-A6EB-41C5-A1F6-8B6816783F51} = {E56D7883-F61C-4843-9DB6-2C05D6E45E25}
		{30EFE913-C0DC-4A0F-B30C-99B8C7CDAA0C} = {A32C7C6C-DB22-4D7E-8EF6-EA365401870B}
		{F7A226DE-59F9-444B-BDB5-EA07B34F6C9B} = {A32C7C6C-DB22-4D7E-8EF6-EA365401870B}
		{C4EA4E3B-BAAE-4988-BB96-95178D8C4522} = {A32C7C6C-DB22-4D7E-8EF6-EA365401870B}
		{BBB94DF7-FE9E-43F2-8177-B1DC6707B3D2} = {A32C7C6C-DB22-4D7E-8EF6-EA365401870B}
		{27CC7774-4A13-4E7C-A3D5-8B673ECB6999} = {0F6D98A7-EA21-438F-A0A4-25C381B4131F}
		{5EDD3278-D7E8-4664-B7C2-2A2857701FA1} = {0F6D98A7-EA21-438F-A0A4-25C381B4131F}
		{C80B656D-B708-4824-AEC8-92A64FE5E9C1} = {0F6D98A7-EA21-438F-A0A4-25C381B4131F}
		{1CB9A235-2F7F-4438-B819-862BF838A562} = {0F6D98A7-EA21-438F-A0A4-25C381B4131F}
	EndGlobalSection
EndGlobal
